{
  "name": "my-new-words-book",
  "version": "1.0.0",
  "lockfileVersion": 2,
  "requires": true,
  "packages": {
    "": {
      "version": "1.0.0",
      "license": "ISC",
      "dependencies": {
        "@buuug7/simplify-button": "^0.0.9",
        "utilities-css": "^4.5.0"
      }
    },
    "node_modules/@buuug7/simplify-button": {
      "version": "0.0.9",
      "resolved": "https://registry.npmjs.org/@buuug7/simplify-button/-/simplify-button-0.0.9.tgz",
      "integrity": "sha512-TJq7tg+XOscV7Q/kA6xHXgg9HFJ8b1Jh8VluhfTc/MROYLtGQqvvTjWo+1wcQV9PgLp3CTR8yDR06vALwsJ3cg=="
    },
    "node_modules/utilities-css": {
      "version": "4.5.0",
      "resolved": "https://registry.npmjs.org/utilities-css/-/utilities-css-4.5.0.tgz",
      "integrity": "sha512-HFafjZWVLqj+PHcUNNzojRWP2d5Pr117CBNv1uS7+Aouh6oYhCTyZheACE3ztY3A5LX3U6kn1k1B4xQybyHk0w=="
    }
  },
  "dependencies": {
    "@buuug7/simplify-button": {
      "version": "0.0.9",
      "resolved": "https://registry.npmjs.org/@buuug7/simplify-button/-/simplify-button-0.0.9.tgz",
      "integrity": "sha512-TJq7tg+XOscV7Q/kA6xHXgg9HFJ8b1Jh8VluhfTc/MROYLtGQqvvTjWo+1wcQV9PgLp3CTR8yDR06vALwsJ3cg=="
    },
    "utilities-css": {
      "version": "4.5.0",
      "resolved": "https://registry.npmjs.org/utilities-css/-/utilities-css-4.5.0.tgz",
      "integrity": "sha512-HFafjZWVLqj+PHcUNNzojRWP2d5Pr117CBNv1uS7+Aouh6oYhCTyZheACE3ztY3A5LX3U6kn1k1B4xQybyHk0w=="
    }
  }
}
